---
lockfileVersion: 1
lockfileVendor: redhat
arches:
- arch: aarch64
  packages:
  - url: https://cdn-ubi.redhat.com/content/public/ubi/dist/ubi9/9/aarch64/appstream/os/Packages/c/containers-common-5.8-1.el9.aarch64.rpm
    repoid: ubi-9-for-aarch64-appstream-rpms
    size: 170106
    checksum: sha256:aa8c02f753696dd2daa5816e5efee49f9247ccb83da6e7cdaa66e72c4bf02cac
    name: containers-common
    evr: 5:5.8-1.el9
    sourcerpm: containers-common-5.8-1.el9.src.rpm
  - url: https://cdn-ubi.redhat.com/content/public/ubi/dist/ubi9/9/aarch64/appstream/os/Packages/c/crun-1.27-1.el9_8.aarch64.rpm
    repoid: ubi-9-for-aarch64-appstream-rpms
    size: 251772
    checksum: sha256:237be309ac7acd313d8850884d946dab9a265a5ba19ee70c7d4bdd9215d4e892
    name: crun
    evr: 1.27-1.el9_8
    sourcerpm: crun-1.27-1.el9_8.src.rpm
  - url: https://cdn-ubi.redhat.com/content/public/ubi/dist/ubi9/9/aarch64/appstream/os/Packages/s/skopeo-1.22.2-8.el9_8.aarch64.rpm
    repoid: ubi-9-for-aarch64-appstream-rpms
    size: 7728433
    checksum: sha256:be0b5ff1c69b95d98431ed35560f96173778ac55f4d8f5d2630efc21cb4216be
    name: skopeo
    evr: 2:1.22.2-8.el9_8
    sourcerpm: skopeo-1.22.2-8.el9_8.src.rpm
  - url: https://cdn-ubi.redhat.com/content/public/ubi/dist/ubi9/9/aarch64/appstream/os/Packages/y/yajl-2.1.0-25.el9.aarch64.rpm
    repoid: ubi-9-for-aarch64-appstream-rpms
    size: 42219
    checksum: sha256:a6becc709b5431b18ccebd844278598f01f05bfd57dc1abfaa1680d5b8edc8ac
    name: yajl
    evr: 2.1.0-25.el9
    sourcerpm: yajl-2.1.0-25.el9.src.rpm
  - url: https://cdn-ubi.redhat.com/content/public/ubi/dist/ubi9/9/aarch64/baseos/os/Packages/s/shadow-utils-subid-4.9-16.el9.aarch64.rpm
    repoid: ubi-9-for-aarch64-baseos-rpms
    size: 85318
    checksum: sha256:74ace5717c8bc87aedf563a93373eb71abc5893d516a9ea61760ba429726236c
    name: shadow-utils-subid
    evr: 2:4.9-16.el9
    sourcerpm: shadow-utils-4.9-16.el9.src.rpm
- arch: ppc64le
  packages:
  - url: https://cdn-ubi.redhat.com/content/public/ubi/dist/ubi9/9/ppc64le/appstream/os/Packages/c/containers-common-5.8-1.el9.ppc64le.rpm
    repoid: ubi-9-for-ppc64le-appstream-rpms
    size: 170148
    checksum: sha256:eff6e08557b9ea0e97b991801e37a52ba5cdb83a7d8347b5818081bd64cb5981
    name: containers-common
    evr: 5:5.8-1.el9
    sourcerpm: containers-common-5.8-1.el9.src.rpm
  - url: https://cdn-ubi.redhat.com/content/public/ubi/dist/ubi9/9/ppc64le/appstream/os/Packages/c/crun-1.27-1.el9_8.ppc64le.rpm
    repoid: ubi-9-for-ppc64le-appstream-rpms
    size: 292788
    checksum: sha256:b83e4600d20b32872410ef003aa8b8942719971805ec2a4e4622f3bc587663a3
    name: crun
    evr: 1.27-1.el9_8
    sourcerpm: crun-1.27-1.el9_8.src.rpm
  - url: https://cdn-ubi.redhat.com/content/public/ubi/dist/ubi9/9/ppc64le/appstream/os/Packages/s/skopeo-1.22.2-8.el9_8.ppc64le.rpm
    repoid: ubi-9-for-ppc64le-appstream-rpms
    size: 7800625
    checksum: sha256:f435fd959404449f9af25223ee98ca4d016b88fe686b0152ed61167a98d9141c
    name: skopeo
    evr: 2:1.22.2-8.el9_8
    sourcerpm: skopeo-1.22.2-8.el9_8.src.rpm
  - url: https://cdn-ubi.redhat.com/content/public/ubi/dist/ubi9/9/ppc64le/appstream/os/Packages/y/yajl-2.1.0-25.el9.ppc64le.rpm
    repoid: ubi-9-for-ppc64le-appstream-rpms
    size: 44667
    checksum: sha256:26fab003ba430cebc0b15182be8f43799af55dbd618bc64fece8aaba7081dcc4
    name: yajl
    evr: 2.1.0-25.el9
    sourcerpm: yajl-2.1.0-25.el9.src.rpm
  - url: https://cdn-ubi.redhat.com/content/public/ubi/dist/ubi9/9/ppc64le/baseos/os/Packages/s/shadow-utils-subid-4.9-16.el9.ppc64le.rpm
    repoid: ubi-9-for-ppc64le-baseos-rpms
    size: 97312
    checksum: sha256:8371fd2f56f19cf5ea35697cda34fe7adaa2d47fc74daad0432ec42be8859c19
    name: shadow-utils-subid
    evr: 2:4.9-16.el9
    sourcerpm: shadow-utils-4.9-16.el9.src.rpm
- arch: s390x
  packages:
  - url: https://cdn-ubi.redhat.com/content/public/ubi/dist/ubi9/9/s390x/appstream/os/Packages/c/containers-common-5.8-1.el9.s390x.rpm
    repoid: ubi-9-for-s390x-appstream-rpms
    size: 170120
    checksum: sha256:68a07c297e84156268ba3950c547acae2789576a1db99f7076edc956f1fe1d2b
    name: containers-common
    evr: 5:5.8-1.el9
    sourcerpm: containers-common-5.8-1.el9.src.rpm
  - url: https://cdn-ubi.redhat.com/content/public/ubi/dist/ubi9/9/s390x/appstream/os/Packages/c/crun-1.27-1.el9_8.s390x.rpm
    repoid: ubi-9-for-s390x-appstream-rpms
    size: 249046
    checksum: sha256:e39d0fa3168f90739ae335805b3d427207d385ef1d9724defe79a512bbe6feb6
    name: crun
    evr: 1.27-1.el9_8
    sourcerpm: crun-1.27-1.el9_8.src.rpm
  - url: https://cdn-ubi.redhat.com/content/public/ubi/dist/ubi9/9/s390x/appstream/os/Packages/s/skopeo-1.22.2-8.el9_8.s390x.rpm
    repoid: ubi-9-for-s390x-appstream-rpms
    size: 8194943
    checksum: sha256:8e6974b150c135e6a83bee621b91ef5167398ede9f2620adf68a87ddaa99093f
    name: skopeo
    evr: 2:1.22.2-8.el9_8
    sourcerpm: skopeo-1.22.2-8.el9_8.src.rpm
  - url: https://cdn-ubi.redhat.com/content/public/ubi/dist/ubi9/9/s390x/appstream/os/Packages/y/yajl-2.1.0-25.el9.s390x.rpm
    repoid: ubi-9-for-s390x-appstream-rpms
    size: 41891
    checksum: sha256:479b9f5c4422e460fa6b3cd8cb076cfec9ee7278e98f2054eeab2eeea546d7e1
    name: yajl
    evr: 2.1.0-25.el9
    sourcerpm: yajl-2.1.0-25.el9.src.rpm
  - url: https://cdn-ubi.redhat.com/content/public/ubi/dist/ubi9/9/s390x/baseos/os/Packages/s/shadow-utils-subid-4.9-16.el9.s390x.rpm
    repoid: ubi-9-for-s390x-baseos-rpms
    size: 85359
    checksum: sha256:20a302a8f9afc6501d4c745aaa6d0ca01d31e06758d5f076c358b89a75279f11
    name: shadow-utils-subid
    evr: 2:4.9-16.el9
    sourcerpm: shadow-utils-4.9-16.el9.src.rpm
- arch: x86_64
  packages:
  - url: https://cdn-ubi.redhat.com/content/public/ubi/dist/ubi9/9/x86_64/appstream/os/Packages/c/containers-common-5.8-1.el9.x86_64.rpm
    repoid: ubi-9-for-x86_64-appstream-rpms
    size: 170139
    checksum: sha256:6db3b80aff7a892ea57ce84c95d0cd62bd70f43b1824009bc9a2ba47bca629d2
    name: containers-common
    evr: 5:5.8-1.el9
    sourcerpm: containers-common-5.8-1.el9.src.rpm
  - url: https://cdn-ubi.redhat.com/content/public/ubi/dist/ubi9/9/x86_64/appstream/os/Packages/c/crun-1.27-1.el9_8.x86_64.rpm
    repoid: ubi-9-for-x86_64-appstream-rpms
    size: 268116
    checksum: sha256:0fc29837716c71995f2e7ffe6d11d937260c0eea9fa07beae3d2671cb7363ebd
    name: crun
    evr: 1.27-1.el9_8
    sourcerpm: crun-1.27-1.el9_8.src.rpm
  - url: https://cdn-ubi.redhat.com/content/public/ubi/dist/ubi9/9/x86_64/appstream/os/Packages/s/skopeo-1.22.2-8.el9_8.x86_64.rpm
    repoid: ubi-9-for-x86_64-appstream-rpms
    size: 8615797
    checksum: sha256:238e02ab0d4538f02daf64af0ba68a571b16103ef06d345ac234a05b40505727
    name: skopeo
    evr: 2:1.22.2-8.el9_8
    sourcerpm: skopeo-1.22.2-8.el9_8.src.rpm
  - url: https://cdn-ubi.redhat.com/content/public/ubi/dist/ubi9/9/x86_64/appstream/os/Packages/y/yajl-2.1.0-25.el9.x86_64.rpm
    repoid: ubi-9-for-x86_64-appstream-rpms
    size: 42487
    checksum: sha256:f7503f34d5095303db5c57c70c5edb890dab7d0bba5920f3dcc44d7835449555
    name: yajl
    evr: 2.1.0-25.el9
    sourcerpm: yajl-2.1.0-25.el9.src.rpm
  - url: https://cdn-ubi.redhat.com/content/public/ubi/dist/ubi9/9/x86_64/baseos/os/Packages/s/shadow-utils-subid-4.9-16.el9.x86_64.rpm
    repoid: ubi-9-for-x86_64-baseos-rpms
    size: 86705
    checksum: sha256:7ec945faa9fb963f46c863e8f32dd9192e60b548e126296b832b3ecd75f47b47
    name: shadow-utils-subid
    evr: 2:4.9-16.el9
    sourcerpm: shadow-utils-4.9-16.el9.src.rpm
